# This file is automatically @generated by Cargo.
# It is not intended for manual editing.
version = 4

[[package]]
name = "by_address"
version = "1.2.1"
source = "registry+https://github.com/rust-lang/crates.io-index"
checksum = "64fa3c856b712db6612c019f14756e64e4bcea13337a6b33b696333a9eaa2d06"

[[package]]
name = "once_cell"
version = "1.21.3"
source = "registry+https://github.com/rust-lang/crates.io-index"
checksum = "42f5e15c9953c5e4ccceeb2e7382a716482c34515315f7b03532b8b4e8393d2d"

[[package]]
name = "rlox"
version = "0.1.0"
dependencies = [
 "by_address",
 "once_cell",
]
